
Microsoft Visual Studio Solution File, Format Version 12.00
# Visual Studio Version 16
VisualStudioVersion = 16.0.32802.399
MinimumVisualStudioVersion = 10.0.40219.1
Project("{FAE04EC0-301F-11D3-BF4B-00C04F79EFBC}") = "TechnicalTestAPI", "TechnicalTestAPI.csproj", "{5D08192A-8D91-46C0-A74A-BD817D57AC28}"
EndProject
Global
	GlobalSection(SolutionConfigurationPlatforms) = preSolution
		Debug|Any CPU = Debug|Any CPU
		Release|Any CPU = Release|Any CPU
	EndGlobalSection
	GlobalSection(ProjectConfigurationPlatforms) = postSolution
		{5D08192A-8D91-46C0-A74A-BD817D57AC28}.Debug|Any CPU.ActiveCfg = Debug|Any CPU
		{5D08192A-8D91-46C0-A74A-BD817D57AC28}.Debug|Any CPU.Build.0 = Debug|Any CPU
		{5D08192A-8D91-46C0-A74A-BD817D57AC28}.Release|Any CPU.ActiveCfg = Release|Any CPU
		{5D08192A-8D91-46C0-A74A-BD817D57AC28}.Release|Any CPU.Build.0 = Release|Any CPU
	EndGlobalSection
	GlobalSection(SolutionProperties) = preSolution
		HideSolutionNode = FALSE
	EndGlobalSection
	GlobalSection(ExtensibilityGlobals) = postSolution
		SolutionGuid = {F4C6FBC4-1D19-486A-AA69-90876762B8A3}
	EndGlobalSection
EndGlobal
